Microsoft Visual Studio Solution File, Format Version 12.00
# Visual Studio Version 17
VisualStudioVersion = 17.14.36301.6
MinimumVisualStudioVersion = 10.0.40219.1
Project("{FAE04EC0-301F-11D3-BF4B-00C04F79EFBC}") = "Crafthoe", "src\Crafthoe\Crafthoe.csproj", "{97E3A8DF-66AA-4575-ACB2-7CFAEFBD09C1}"
EndProject
Project("{FAE04EC0-301F-11D3-BF4B-00C04F79EFBC}") = "AlvorEngine", "src\AlvorEngine\AlvorEngine.csproj", "{0E1FE117-5261-4306-B670-E0506BEA2782}"
EndProject
Project("{FAE04EC0-301F-11D3-BF4B-00C04F79EFBC}") = "AlvorEngine.Loop", "src\AlvorEngine.Loop\AlvorEngine.Loop.csproj", "{B37D71EF-1CB3-4450-92FA-BFF429B86085}"
EndProject
Project("{FAE04EC0-301F-11D3-BF4B-00C04F79EFBC}") = "Crafthoe.App", "src\Crafthoe.App\Crafthoe.App.csproj", "{7EAE3669-CDC4-4E83-B092-20E037815895}"
EndProject
Project("{FAE04EC0-301F-11D3-BF4B-00C04F79EFBC}") = "Crafthoe.Frontend", "src\Crafthoe.Frontend\Crafthoe.Frontend.csproj", "{30CBDFDD-F622-49E6-A415-6E82178E2536}"
EndProject
Project("{FAE04EC0-301F-11D3-BF4B-00C04F79EFBC}") = "Crafthoe.Module", "src\Crafthoe.Module\Crafthoe.Module.csproj", "{3FD5174E-BCF1-4719-AE11-9976079DB30B}"
EndProject
Project("{FAE04EC0-301F-11D3-BF4B-00C04F79EFBC}") = "Crafthoe.World", "src\Crafthoe.World\Crafthoe.World.csproj", "{EACB4003-0119-4916-B5B0-90D7DAD7192D}"
EndProject
Project("{FAE04EC0-301F-11D3-BF4B-00C04F79EFBC}") = "Crafthoe.Player", "src\Crafthoe.Player\Crafthoe.Player.csproj", "{1621EB6C-B78D-4F6F-84BD-B1C042FB22AE}"
EndProject
Global
	GlobalSection(SolutionConfigurationPlatforms) = preSolution
		Debug|Any CPU = Debug|Any CPU
		Release|Any CPU = Release|Any CPU
	EndGlobalSection
	GlobalSection(ProjectConfigurationPlatforms) = postSolution
		{97E3A8DF-66AA-4575-ACB2-7CFAEFBD09C1}.Debug|Any CPU.ActiveCfg = Debug|Any CPU
		{97E3A8DF-66AA-4575-ACB2-7CFAEFBD09C1}.Debug|Any CPU.Build.0 = Debug|Any CPU
		{97E3A8DF-66AA-4575-ACB2-7CFAEFBD09C1}.Release|Any CPU.ActiveCfg = Release|Any CPU
		{97E3A8DF-66AA-4575-ACB2-7CFAEFBD09C1}.Release|Any CPU.Build.0 = Release|Any CPU
		{0E1FE117-5261-4306-B670-E0506BEA2782}.Debug|Any CPU.ActiveCfg = Debug|Any CPU
		{0E1FE117-5261-4306-B670-E0506BEA2782}.Debug|Any CPU.Build.0 = Debug|Any CPU
		{0E1FE117-5261-4306-B670-E0506BEA2782}.Release|Any CPU.ActiveCfg = Release|Any CPU
		{0E1FE117-5261-4306-B670-E0506BEA2782}.Release|Any CPU.Build.0 = Release|Any CPU
		{B37D71EF-1CB3-4450-92FA-BFF429B86085}.Debug|Any CPU.ActiveCfg = Debug|Any CPU
		{B37D71EF-1CB3-4450-92FA-BFF429B86085}.Debug|Any CPU.Build.0 = Debug|Any CPU
		{B37D71EF-1CB3-4450-92FA-BFF429B86085}.Release|Any CPU.ActiveCfg = Release|Any CPU
		{B37D71EF-1CB3-4450-92FA-BFF429B86085}.Release|Any CPU.Build.0 = Release|Any CPU
		{7EAE3669-CDC4-4E83-B092-20E037815895}.Debug|Any CPU.ActiveCfg = Debug|Any CPU
		{7EAE3669-CDC4-4E83-B092-20E037815895}.Debug|Any CPU.Build.0 = Debug|Any CPU
		{7EAE3669-CDC4-4E83-B092-20E037815895}.Release|Any CPU.ActiveCfg = Release|Any CPU
		{7EAE3669-CDC4-4E83-B092-20E037815895}.Release|Any CPU.Build.0 = Release|Any CPU
		{30CBDFDD-F622-49E6-A415-6E82178E2536}.Debug|Any CPU.ActiveCfg = Debug|Any CPU
		{30CBDFDD-F622-49E6-A415-6E82178E2536}.Debug|Any CPU.Build.0 = Debug|Any CPU
		{30CBDFDD-F622-49E6-A415-6E82178E2536}.Release|Any CPU.ActiveCfg = Release|Any CPU
		{30CBDFDD-F622-49E6-A415-6E82178E2536}.Release|Any CPU.Build.0 = Release|Any CPU
		{3FD5174E-BCF1-4719-AE11-9976079DB30B}.Debug|Any CPU.ActiveCfg = Debug|Any CPU
		{3FD5174E-BCF1-4719-AE11-9976079DB30B}.Debug|Any CPU.Build.0 = Debug|Any CPU
		{3FD5174E-BCF1-4719-AE11-9976079DB30B}.Release|Any CPU.ActiveCfg = Release|Any CPU
		{3FD5174E-BCF1-4719-AE11-9976079DB30B}.Release|Any CPU.Build.0 = Release|Any CPU
		{EACB4003-0119-4916-B5B0-90D7DAD7192D}.Debug|Any CPU.ActiveCfg = Debug|Any CPU
		{EACB4003-0119-4916-B5B0-90D7DAD7192D}.Debug|Any CPU.Build.0 = Debug|Any CPU
		{EACB4003-0119-4916-B5B0-90D7DAD7192D}.Release|Any CPU.ActiveCfg = Release|Any CPU
		{EACB4003-0119-4916-B5B0-90D7DAD7192D}.Release|Any CPU.Build.0 = Release|Any CPU
		{1621EB6C-B78D-4F6F-84BD-B1C042FB22AE}.Debug|Any CPU.ActiveCfg = Debug|Any CPU
		{1621EB6C-B78D-4F6F-84BD-B1C042FB22AE}.Debug|Any CPU.Build.0 = Debug|Any CPU
		{1621EB6C-B78D-4F6F-84BD-B1C042FB22AE}.Release|Any CPU.ActiveCfg = Release|Any CPU
		{1621EB6C-B78D-4F6F-84BD-B1C042FB22AE}.Release|Any CPU.Build.0 = Release|Any CPU
	EndGlobalSection
	GlobalSection(SolutionProperties) = preSolution
		HideSolutionNode = FALSE
	EndGlobalSection
	GlobalSection(ExtensibilityGlobals) = postSolution
		SolutionGuid = {D3960390-E3E3-4C6E-B87F-B047DB15D968}
	EndGlobalSection
EndGlobal
